// !$*UTF8*$!
{
	archiveVersion = 1;
	classes = {
	};
	objectVersion = 51;
	objects = {

/* Begin PBXBuildFile section */
		8166525B6F74DA85C08794CF /* Pods_iOSGraphQL.framework in Frameworks */ = {isa = PBXBuildFile; fileRef = 11FA5F8C8E98507EF6448EB1 /* Pods_iOSGraphQL.framework */; };
		8D279E662486192C0062BD50 /* DeletePost.graphql in Resources */ = {isa = PBXBuildFile; fileRef = 8D279E652486192C0062BD50 /* DeletePost.graphql */; };
		8D4718F02478F9FB002A5331 /* AppDelegate.swift in Sources */ = {isa = PBXBuildFile; fileRef = 8D4718EF2478F9FB002A5331 /* AppDelegate.swift */; };
		8D4718F22478F9FB002A5331 /* SceneDelegate.swift in Sources */ = {isa = PBXBuildFile; fileRef = 8D4718F12478F9FB002A5331 /* SceneDelegate.swift */; };
		8D4718F42478F9FB002A5331 /* ContentView.swift in Sources */ = {isa = PBXBuildFile; fileRef = 8D4718F32478F9FB002A5331 /* ContentView.swift */; };
		8D4718F62478F9FE002A5331 /* Assets.xcassets in Resources */ = {isa = PBXBuildFile; fileRef = 8D4718F52478F9FE002A5331 /* Assets.xcassets */; };
		8D4718F92478F9FE002A5331 /* Preview Assets.xcassets in Resources */ = {isa = PBXBuildFile; fileRef = 8D4718F82478F9FE002A5331 /* Preview Assets.xcassets */; };
		8D4718FC2478F9FE002A5331 /* LaunchScreen.storyboard in Resources */ = {isa = PBXBuildFile; fileRef = 8D4718FA2478F9FE002A5331 /* LaunchScreen.storyboard */; };
		8D4719072478F9FE002A5331 /* iOSGraphQLTests.swift in Sources */ = {isa = PBXBuildFile; fileRef = 8D4719062478F9FE002A5331 /* iOSGraphQLTests.swift */; };
		8D4719132478FCB7002A5331 /* schema.json in Resources */ = {isa = PBXBuildFile; fileRef = 8D4719122478FCB7002A5331 /* schema.json */; };
		8D4719152478FD84002A5331 /* AllPosts.graphql in Resources */ = {isa = PBXBuildFile; fileRef = 8D4719142478FD84002A5331 /* AllPosts.graphql */; };
		8D4719172478FEA2002A5331 /* API.swift in Sources */ = {isa = PBXBuildFile; fileRef = 8D4719162478FEA2002A5331 /* API.swift */; };
		8D4719192478FF4E002A5331 /* GraphQLClient.swift in Sources */ = {isa = PBXBuildFile; fileRef = 8D4719182478FF4E002A5331 /* GraphQLClient.swift */; };
		8D47191C2479015C002A5331 /* Post.swift in Sources */ = {isa = PBXBuildFile; fileRef = 8D47191B2479015C002A5331 /* Post.swift */; };
		8D859E0424822DEA000259FD /* CustomUUID.swift in Sources */ = {isa = PBXBuildFile; fileRef = 8D859E0324822DEA000259FD /* CustomUUID.swift */; };
		8D859E0C24823D09000259FD /* Date+JSONDecodable.swift in Sources */ = {isa = PBXBuildFile; fileRef = 8D859E0B24823D09000259FD /* Date+JSONDecodable.swift */; };
		8D859E0E24825B43000259FD /* Author.swift in Sources */ = {isa = PBXBuildFile; fileRef = 8D859E0D24825B43000259FD /* Author.swift */; };
		8DD8FC352488182900C1AE4D /* EditPost.graphql in Resources */ = {isa = PBXBuildFile; fileRef = 8DD8FC342488182900C1AE4D /* EditPost.graphql */; };
/* End PBXBuildFile section */

/* Begin PBXContainerItemProxy section */
		8D4719032478F9FE002A5331 /* PBXContainerItemProxy */ = {
			isa = PBXContainerItemProxy;
			containerPortal = 8D4718E42478F9FB002A5331 /* Project object */;
			proxyType = 1;
			remoteGlobalIDString = 8D4718EB2478F9FB002A5331;
			remoteInfo = iOSGraphQL;
		};
/* End PBXContainerItemProxy section */

/* Begin PBXFileReference section */
		11FA5F8C8E98507EF6448EB1 /* Pods_iOSGraphQL.framework */ = {isa = PBXFileReference; explicitFileType = wrapper.framework; includeInIndex = 0; path = Pods_iOSGraphQL.framework; sourceTree = BUILT_PRODUCTS_DIR; };
		199C70BD3D3145A9252070E5 /* Pods-iOSGraphQL.debug.xcconfig */ = {isa = PBXFileReference; includeInIndex = 1; lastKnownFileType = text.xcconfig; name = "Pods-iOSGraphQL.debug.xcconfig"; path = "Target Support Files/Pods-iOSGraphQL/Pods-iOSGraphQL.debug.xcconfig"; sourceTree = "<group>"; };
		8D279E652486192C0062BD50 /* DeletePost.graphql */ = {isa = PBXFileReference; lastKnownFileType = text; path = DeletePost.graphql; sourceTree = "<group>"; };
		8D4718EC2478F9FB002A5331 /* iOSGraphQL.app */ = {isa = PBXFileReference; explicitFileType = wrapper.application; includeInIndex = 0; path = iOSGraphQL.app; sourceTree = BUILT_PRODUCTS_DIR; };
		8D4718EF2478F9FB002A5331 /* AppDelegate.swift */ = {isa = PBXFileReference; lastKnownFileType = sourcecode.swift; path = AppDelegate.swift; sourceTree = "<group>"; };
		8D4718F12478F9FB002A5331 /* SceneDelegate.swift */ = {isa = PBXFileReference; lastKnownFileType = sourcecode.swift; path = SceneDelegate.swift; sourceTree = "<group>"; };
		8D4718F32478F9FB002A5331 /* ContentView.swift */ = {isa = PBXFileReference; lastKnownFileType = sourcecode.swift; path = ContentView.swift; sourceTree = "<group>"; };
		8D4718F52478F9FE002A5331 /* Assets.xcassets */ = {isa = PBXFileReference; lastKnownFileType = folder.assetcatalog; path = Assets.xcassets; sourceTree = "<group>"; };
		8D4718F82478F9FE002A5331 /* Preview Assets.xcassets */ = {isa = PBXFileReference; lastKnownFileType = folder.assetcatalog; path = "Preview Assets.xcassets"; sourceTree = "<group>"; };
		8D4718FB2478F9FE002A5331 /* Base */ = {isa = PBXFileReference; lastKnownFileType = file.storyboard; name = Base; path = Base.lproj/LaunchScreen.storyboard; sourceTree = "<group>"; };
		8D4718FD2478F9FE002A5331 /* Info.plist */ = {isa = PBXFileReference; lastKnownFileType = text.plist.xml; path = Info.plist; sourceTree = "<group>"; };
		8D4719022478F9FE002A5331 /* iOSGraphQLTests.xctest */ = {isa = PBXFileReference; explicitFileType = wrapper.cfbundle; includeInIndex = 0; path = iOSGraphQLTests.xctest; sourceTree = BUILT_PRODUCTS_DIR; };
		8D4719062478F9FE002A5331 /* iOSGraphQLTests.swift */ = {isa = PBXFileReference; lastKnownFileType = sourcecode.swift; path = iOSGraphQLTests.swift; sourceTree = "<group>"; };
		8D4719082478F9FE002A5331 /* Info.plist */ = {isa = PBXFileReference; lastKnownFileType = text.plist.xml; path = Info.plist; sourceTree = "<group>"; };
		8D4719122478FCB7002A5331 /* schema.json */ = {isa = PBXFileReference; fileEncoding = 4; lastKnownFileType = text.json; path = schema.json; sourceTree = "<group>"; };
		8D4719142478FD84002A5331 /* AllPosts.graphql */ = {isa = PBXFileReference; lastKnownFileType = text; path = AllPosts.graphql; sourceTree = "<group>"; };
		8D4719162478FEA2002A5331 /* API.swift */ = {isa = PBXFileReference; fileEncoding = 4; lastKnownFileType = sourcecode.swift; path = API.swift; sourceTree = "<group>"; };
		8D4719182478FF4E002A5331 /* GraphQLClient.swift */ = {isa = PBXFileReference; lastKnownFileType = sourcecode.swift; path = GraphQLClient.swift; sourceTree = "<group>"; };
		8D47191B2479015C002A5331 /* Post.swift */ = {isa = PBXFileReference; lastKnownFileType = sourcecode.swift; path = Post.swift; sourceTree = "<group>"; };
		8D859E0324822DEA000259FD /* CustomUUID.swift */ = {isa = PBXFileReference; lastKnownFileType = sourcecode.swift; path = CustomUUID.swift; sourceTree = "<group>"; };
		8D859E0B24823D09000259FD /* Date+JSONDecodable.swift */ = {isa = PBXFileReference; lastKnownFileType = sourcecode.swift; path = "Date+JSONDecodable.swift"; sourceTree = "<group>"; };
		8D859E0D24825B43000259FD /* Author.swift */ = {isa = PBXFileReference; lastKnownFileType = sourcecode.swift; path = Author.swift; sourceTree = "<group>"; };
		8DD8FC342488182900C1AE4D /* EditPost.graphql */ = {isa = PBXFileReference; lastKnownFileType = text; path = EditPost.graphql; sourceTree = "<group>"; };
		E00BF888400986909EC0C349 /* Pods-iOSGraphQL.release.xcconfig */ = {isa = PBXFileReference; includeInIndex = 1; lastKnownFileType = text.xcconfig; name = "Pods-iOSGraphQL.release.xcconfig"; path = "Target Support Files/Pods-iOSGraphQL/Pods-iOSGraphQL.release.xcconfig"; sourceTree = "<group>"; };
/* End PBXFileReference section */

/* Begin PBXFrameworksBuildPhase section */
		8D4718E92478F9FB002A5331 /* Frameworks */ = {
			isa = PBXFrameworksBuildPhase;
			buildActionMask = 2147483647;
			files = (
				8166525B6F74DA85C08794CF /* Pods_iOSGraphQL.framework in Frameworks */,
			);
			runOnlyForDeploymentPostprocessing = 0;
		};
		8D4718FF2478F9FE002A5331 /* Frameworks */ = {
			isa = PBXFrameworksBuildPhase;
			buildActionMask = 2147483647;
			files = (
			);
			runOnlyForDeploymentPostprocessing = 0;
		};
/* End PBXFrameworksBuildPhase section */

/* Begin PBXGroup section */
		23CF204EF098FFB401883428 /* Pods */ = {
			isa = PBXGroup;
			children = (
				199C70BD3D3145A9252070E5 /* Pods-iOSGraphQL.debug.xcconfig */,
				E00BF888400986909EC0C349 /* Pods-iOSGraphQL.release.xcconfig */,
			);
			path = Pods;
			sourceTree = "<group>";
		};
		68D534F9FB8BE103AA46BD8B /* Frameworks */ = {
			isa = PBXGroup;
			children = (
				11FA5F8C8E98507EF6448EB1 /* Pods_iOSGraphQL.framework */,
			);
			name = Frameworks;
			sourceTree = "<group>";
		};
		8D4718E32478F9FB002A5331 = {
			isa = PBXGroup;
			children = (
				8D4718EE2478F9FB002A5331 /* iOSGraphQL */,
				8D4719052478F9FE002A5331 /* iOSGraphQLTests */,
				8D4718ED2478F9FB002A5331 /* Products */,
				23CF204EF098FFB401883428 /* Pods */,
				68D534F9FB8BE103AA46BD8B /* Frameworks */,
			);
			sourceTree = "<group>";
		};
		8D4718ED2478F9FB002A5331 /* Products */ = {
			isa = PBXGroup;
			children = (
				8D4718EC2478F9FB002A5331 /* iOSGraphQL.app */,
				8D4719022478F9FE002A5331 /* iOSGraphQLTests.xctest */,
			);
			name = Products;
			sourceTree = "<group>";
		};
		8D4718EE2478F9FB002A5331 /* iOSGraphQL */ = {
			isa = PBXGroup;
			children = (
				8D859E0A24823CF6000259FD /* Extensions */,
				8D47191A24790153002A5331 /* Models */,
				8D4719112478FB58002A5331 /* GraphQL */,
				8D4718EF2478F9FB002A5331 /* AppDelegate.swift */,
				8D4718F12478F9FB002A5331 /* SceneDelegate.swift */,
				8D4718F32478F9FB002A5331 /* ContentView.swift */,
				8D4718F52478F9FE002A5331 /* Assets.xcassets */,
				8D4718FA2478F9FE002A5331 /* LaunchScreen.storyboard */,
				8D4718FD2478F9FE002A5331 /* Info.plist */,
				8D4718F72478F9FE002A5331 /* Preview Content */,
			);
			path = iOSGraphQL;
			sourceTree = "<group>";
		};
		8D4718F72478F9FE002A5331 /* Preview Content */ = {
			isa = PBXGroup;
			children = (
				8D4718F82478F9FE002A5331 /* Preview Assets.xcassets */,
			);
			path = "Preview Content";
			sourceTree = "<group>";
		};
		8D4719052478F9FE002A5331 /* iOSGraphQLTests */ = {
			isa = PBXGroup;
			children = (
				8D4719062478F9FE002A5331 /* iOSGraphQLTests.swift */,
				8D4719082478F9FE002A5331 /* Info.plist */,
			);
			path = iOSGraphQLTests;
			sourceTree = "<group>";
		};
		8D4719112478FB58002A5331 /* GraphQL */ = {
			isa = PBXGroup;
			children = (
				8D4719162478FEA2002A5331 /* API.swift */,
				8D4719122478FCB7002A5331 /* schema.json */,
				8D4719142478FD84002A5331 /* AllPosts.graphql */,
				8D4719182478FF4E002A5331 /* GraphQLClient.swift */,
				8D279E652486192C0062BD50 /* DeletePost.graphql */,
				8DD8FC342488182900C1AE4D /* EditPost.graphql */,
			);
			path = GraphQL;
			sourceTree = "<group>";
		};
		8D47191A24790153002A5331 /* Models */ = {
			isa = PBXGroup;
			children = (
				8D47191B2479015C002A5331 /* Post.swift */,
				8D859E0324822DEA000259FD /* CustomUUID.swift */,
				8D859E0D24825B43000259FD /* Author.swift */,
			);
			path = Models;
			sourceTree = "<group>";
		};
		8D859E0A24823CF6000259FD /* Extensions */ = {
			isa = PBXGroup;
			children = (
				8D859E0B24823D09000259FD /* Date+JSONDecodable.swift */,
			);
			path = Extensions;
			sourceTree = "<group>";
		};
/* End PBXGroup section */

/* Begin PBXNativeTarget section */
		8D4718EB2478F9FB002A5331 /* iOSGraphQL */ = {
			isa = PBXNativeTarget;
			buildConfigurationList = 8D47190B2478F9FE002A5331 /* Build configuration list for PBXNativeTarget "iOSGraphQL" */;
			buildPhases = (
				C0845E2F1BCF8B0F93A321D6 /* [CP] Check Pods Manifest.lock */,
				8D4718E82478F9FB002A5331 /* Sources */,
				8D4718E92478F9FB002A5331 /* Frameworks */,
				8D4718EA2478F9FB002A5331 /* Resources */,
				A138397AD311E9EB4DD42B26 /* [CP] Embed Pods Frameworks */,
			);
			buildRules = (
			);
			dependencies = (
			);
			name = iOSGraphQL;
			productName = iOSGraphQL;
			productReference = 8D4718EC2478F9FB002A5331 /* iOSGraphQL.app */;
			productType = "com.apple.product-type.application";
		};
		8D4719012478F9FE002A5331 /* iOSGraphQLTests */ = {
			isa = PBXNativeTarget;
			buildConfigurationList = 8D47190E2478F9FE002A5331 /* Build configuration list for PBXNativeTarget "iOSGraphQLTests" */;
			buildPhases = (
				8D4718FE2478F9FE002A5331 /* Sources */,
				8D4718FF2478F9FE002A5331 /* Frameworks */,
				8D4719002478F9FE002A5331 /* Resources */,
			);
			buildRules = (
			);
			dependencies = (
				8D4719042478F9FE002A5331 /* PBXTargetDependency */,
			);
			name = iOSGraphQLTests;
			productName = iOSGraphQLTests;
			productReference = 8D4719022478F9FE002A5331 /* iOSGraphQLTests.xctest */;
			productType = "com.apple.product-type.bundle.unit-test";
		};
/* End PBXNativeTarget section */

/* Begin PBXProject section */
		8D4718E42478F9FB002A5331 /* Project object */ = {
			isa = PBXProject;
			attributes = {
				LastSwiftUpdateCheck = 1140;
				LastUpgradeCheck = 1140;
				ORGANIZATIONNAME = "Ioannis Diamantidis";
				TargetAttributes = {
					8D4718EB2478F9FB002A5331 = {
						CreatedOnToolsVersion = 11.4;
					};
					8D4719012478F9FE002A5331 = {
						CreatedOnToolsVersion = 11.4;
						TestTargetID = 8D4718EB2478F9FB002A5331;
					};
				};
			};
			buildConfigurationList = 8D4718E72478F9FB002A5331 /* Build configuration list for PBXProject "iOSGraphQL" */;
			compatibilityVersion = "Xcode 9.3";
			developmentRegion = en;
			hasScannedForEncodings = 0;
			knownRegions = (
				en,
				Base,
			);
			mainGroup = 8D4718E32478F9FB002A5331;
			productRefGroup = 8D4718ED2478F9FB002A5331 /* Products */;
			projectDirPath = "";
			projectRoot = "";
			targets = (
				8D4718EB2478F9FB002A5331 /* iOSGraphQL */,
				8D4719012478F9FE002A5331 /* iOSGraphQLTests */,
			);
		};
/* End PBXProject section */

/* Begin PBXResourcesBuildPhase section */
		8D4718EA2478F9FB002A5331 /* Resources */ = {
			isa = PBXResourcesBuildPhase;
			buildActionMask = 2147483647;
			files = (
				8D4719132478FCB7002A5331 /* schema.json in Resources */,
				8DD8FC352488182900C1AE4D /* EditPost.graphql in Resources */,
				8D4718FC2478F9FE002A5331 /* LaunchScreen.storyboard in Resources */,
				8D4718F92478F9FE002A5331 /* Preview Assets.xcassets in Resources */,
				8D4718F62478F9FE002A5331 /* Assets.xcassets in Resources */,
				8D4719152478FD84002A5331 /* AllPosts.graphql in Resources */,
				8D279E662486192C0062BD50 /* DeletePost.graphql in Resources */,
			);
			runOnlyForDeploymentPostprocessing = 0;
		};
		8D4719002478F9FE002A5331 /* Resources */ = {
			isa = PBXResourcesBuildPhase;
			buildActionMask = 2147483647;
			files = (
			);
			runOnlyForDeploymentPostprocessing = 0;
		};
/* End PBXResourcesBuildPhase section */

/* Begin PBXShellScriptBuildPhase section */
		A138397AD311E9EB4DD42B26 /* [CP] Embed Pods Frameworks */ = {
			isa = PBXShellScriptBuildPhase;
			buildActionMask = 2147483647;
			files = (
			);
			inputFileListPaths = (
				"${PODS_ROOT}/Target Support Files/Pods-iOSGraphQL/Pods-iOSGraphQL-frameworks-${CONFIGURATION}-input-files.xcfilelist",
			);
			name = "[CP] Embed Pods Frameworks";
			outputFileListPaths = (
				"${PODS_ROOT}/Target Support Files/Pods-iOSGraphQL/Pods-iOSGraphQL-frameworks-${CONFIGURATION}-output-files.xcfilelist",
			);
			runOnlyForDeploymentPostprocessing = 0;
			shellPath = /bin/sh;
			shellScript = "\"${PODS_ROOT}/Target Support Files/Pods-iOSGraphQL/Pods-iOSGraphQL-frameworks.sh\"\n";
			showEnvVarsInLog = 0;
		};
		C0845E2F1BCF8B0F93A321D6 /* [CP] Check Pods Manifest.lock */ = {
			isa = PBXShellScriptBuildPhase;
			buildActionMask = 2147483647;
			files = (
			);
			inputFileListPaths = (
			);
			inputPaths = (
				"${PODS_PODFILE_DIR_PATH}/Podfile.lock",
				"${PODS_ROOT}/Manifest.lock",
			);
			name = "[CP] Check Pods Manifest.lock";
			outputFileListPaths = (
			);
			outputPaths = (
				"$(DERIVED_FILE_DIR)/Pods-iOSGraphQL-checkManifestLockResult.txt",
			);
			runOnlyForDeploymentPostprocessing = 0;
			shellPath = /bin/sh;
			shellScript = "diff \"${PODS_PODFILE_DIR_PATH}/Podfile.lock\" \"${PODS_ROOT}/Manifest.lock\" > /dev/null\nif [ $? != 0 ] ; then\n    # print error to STDERR\n    echo \"error: The sandbox is not in sync with the Podfile.lock. Run 'pod install' or update your CocoaPods installation.\" >&2\n    exit 1\nfi\n# This output is used by Xcode 'outputs' to avoid re-running this script phase.\necho \"SUCCESS\" > \"${SCRIPT_OUTPUT_FILE_0}\"\n";
			showEnvVarsInLog = 0;
		};
/* End PBXShellScriptBuildPhase section */

/* Begin PBXSourcesBuildPhase section */
		8D4718E82478F9FB002A5331 /* Sources */ = {
			isa = PBXSourcesBuildPhase;
			buildActionMask = 2147483647;
			files = (
				8D4718F02478F9FB002A5331 /* AppDelegate.swift in Sources */,
				8D859E0C24823D09000259FD /* Date+JSONDecodable.swift in Sources */,
				8D4718F22478F9FB002A5331 /* SceneDelegate.swift in Sources */,
				8D859E0E24825B43000259FD /* Author.swift in Sources */,
				8D4719172478FEA2002A5331 /* API.swift in Sources */,
				8D859E0424822DEA000259FD /* CustomUUID.swift in Sources */,
				8D47191C2479015C002A5331 /* Post.swift in Sources */,
				8D4718F42478F9FB002A5331 /* ContentView.swift in Sources */,
				8D4719192478FF4E002A5331 /* GraphQLClient.swift in Sources */,
			);
			runOnlyForDeploymentPostprocessing = 0;
		};
		8D4718FE2478F9FE002A5331 /* Sources */ = {
			isa = PBXSourcesBuildPhase;
			buildActionMask = 2147483647;
			files = (
				8D4719072478F9FE002A5331 /* iOSGraphQLTests.swift in Sources */,
			);
			runOnlyForDeploymentPostprocessing = 0;
		};
/* End PBXSourcesBuildPhase section */

/* Begin PBXTargetDependency section */
		8D4719042478F9FE002A5331 /* PBXTargetDependency */ = {
			isa = PBXTargetDependency;
			target = 8D4718EB2478F9FB002A5331 /* iOSGraphQL */;
			targetProxy = 8D4719032478F9FE002A5331 /* PBXContainerItemProxy */;
		};
/* End PBXTargetDependency section */

/* Begin PBXVariantGroup section */
		8D4718FA2478F9FE002A5331 /* LaunchScreen.storyboard */ = {
			isa = PBXVariantGroup;
			children = (
				8D4718FB2478F9FE002A5331 /* Base */,
			);
			name = LaunchScreen.storyboard;
			sourceTree = "<group>";
		};
/* End PBXVariantGroup section */

/* Begin XCBuildConfiguration section */
		8D4719092478F9FE002A5331 /* Debug */ = {
			isa = XCBuildConfiguration;
			buildSettings = {
				ALWAYS_SEARCH_USER_PATHS = NO;
				CLANG_ANALYZER_NONNULL = YES;
				CLANG_ANALYZER_NUMBER_OBJECT_CONVERSION = YES_AGGRESSIVE;
				CLANG_CXX_LANGUAGE_STANDARD = "gnu++14";
				CLANG_CXX_LIBRARY = "libc++";
				CLANG_ENABLE_MODULES = YES;
				CLANG_ENABLE_OBJC_ARC = YES;
				CLANG_ENABLE_OBJC_WEAK = YES;
				CLANG_WARN_BLOCK_CAPTURE_AUTORELEASING = YES;
				CLANG_WARN_BOOL_CONVERSION = YES;
				CLANG_WARN_COMMA = YES;
				CLANG_WARN_CONSTANT_CONVERSION = YES;
				CLANG_WARN_DEPRECATED_OBJC_IMPLEMENTATIONS = YES;
				CLANG_WARN_DIRECT_OBJC_ISA_USAGE = YES_ERROR;
				CLANG_WARN_DOCUMENTATION_COMMENTS = YES;
				CLANG_WARN_EMPTY_BODY = YES;
				CLANG_WARN_ENUM_CONVERSION = YES;
				CLANG_WARN_INFINITE_RECURSION = YES;
				CLANG_WARN_INT_CONVERSION = YES;
				CLANG_WARN_NON_LITERAL_NULL_CONVERSION = YES;
				CLANG_WARN_OBJC_IMPLICIT_RETAIN_SELF = YES;
				CLANG_WARN_OBJC_LITERAL_CONVERSION = YES;
				CLANG_WARN_OBJC_ROOT_CLASS = YES_ERROR;
				CLANG_WARN_RANGE_LOOP_ANALYSIS = YES;
				CLANG_WARN_STRICT_PROTOTYPES = YES;
				CLANG_WARN_SUSPICIOUS_MOVE = YES;
				CLANG_WARN_UNGUARDED_AVAILABILITY = YES_AGGRESSIVE;
				CLANG_WARN_UNREACHABLE_CODE = YES;
				CLANG_WARN__DUPLICATE_METHOD_MATCH = YES;
				COPY_PHASE_STRIP = NO;
				DEBUG_INFORMATION_FORMAT = dwarf;
				ENABLE_STRICT_OBJC_MSGSEND = YES;
				ENABLE_TESTABILITY = YES;
				GCC_C_LANGUAGE_STANDARD = gnu11;
				GCC_DYNAMIC_NO_PIC = NO;
				GCC_NO_COMMON_BLOCKS = YES;
				GCC_OPTIMIZATION_LEVEL = 0;
				GCC_PREPROCESSOR_DEFINITIONS = (
					"DEBUG=1",
					"$(inherited)",
				);
				GCC_WARN_64_TO_32_BIT_CONVERSION = YES;
				GCC_WARN_ABOUT_RETURN_TYPE = YES_ERROR;
				GCC_WARN_UNDECLARED_SELECTOR = YES;
				GCC_WARN_UNINITIALIZED_AUTOS = YES_AGGRESSIVE;
				GCC_WARN_UNUSED_FUNCTION = YES;
				GCC_WARN_UNUSED_VARIABLE = YES;
				IPHONEOS_DEPLOYMENT_TARGET = 13.4;
				MTL_ENABLE_DEBUG_INFO = INCLUDE_SOURCE;
				MTL_FAST_MATH = YES;
				ONLY_ACTIVE_ARCH = YES;
				SDKROOT = iphoneos;
				SWIFT_ACTIVE_COMPILATION_CONDITIONS = DEBUG;
				SWIFT_OPTIMIZATION_LEVEL = "-Onone";
			};
			name = Debug;
		};
		8D47190A2478F9FE002A5331 /* Release */ = {
			isa = XCBuildConfiguration;
			buildSettings = {
				ALWAYS_SEARCH_USER_PATHS = NO;
				CLANG_ANALYZER_NONNULL = YES;
				CLANG_ANALYZER_NUMBER_OBJECT_CONVERSION = YES_AGGRESSIVE;
				CLANG_CXX_LANGUAGE_STANDARD = "gnu++14";
				CLANG_CXX_LIBRARY = "libc++";
				CLANG_ENABLE_MODULES = YES;
				CLANG_ENABLE_OBJC_ARC = YES;
				CLANG_ENABLE_OBJC_WEAK = YES;
				CLANG_WARN_BLOCK_CAPTURE_AUTORELEASING = YES;
				CLANG_WARN_BOOL_CONVERSION = YES;
				CLANG_WARN_COMMA = YES;
				CLANG_WARN_CONSTANT_CONVERSION = YES;
				CLANG_WARN_DEPRECATED_OBJC_IMPLEMENTATIONS = YES;
				CLANG_WARN_DIRECT_OBJC_ISA_USAGE = YES_ERROR;
				CLANG_WARN_DOCUMENTATION_COMMENTS = YES;
				CLANG_WARN_EMPTY_BODY = YES;
				CLANG_WARN_ENUM_CONVERSION = YES;
				CLANG_WARN_INFINITE_RECURSION = YES;
				CLANG_WARN_INT_CONVERSION = YES;
				CLANG_WARN_NON_LITERAL_NULL_CONVERSION = YES;
				CLANG_WARN_OBJC_IMPLICIT_RETAIN_SELF = YES;
				CLANG_WARN_OBJC_LITERAL_CONVERSION = YES;
				CLANG_WARN_OBJC_ROOT_CLASS = YES_ERROR;
				CLANG_WARN_RANGE_LOOP_ANALYSIS = YES;
				CLANG_WARN_STRICT_PROTOTYPES = YES;
				CLANG_WARN_SUSPICIOUS_MOVE = YES;
				CLANG_WARN_UNGUARDED_AVAILABILITY = YES_AGGRESSIVE;
				CLANG_WARN_UNREACHABLE_CODE = YES;
				CLANG_WARN__DUPLICATE_METHOD_MATCH = YES;
				COPY_PHASE_STRIP = NO;
				DEBUG_INFORMATION_FORMAT = "dwarf-with-dsym";
				ENABLE_NS_ASSERTIONS = NO;
				ENABLE_STRICT_OBJC_MSGSEND = YES;
				GCC_C_LANGUAGE_STANDARD = gnu11;
				GCC_NO_COMMON_BLOCKS = YES;
				GCC_WARN_64_TO_32_BIT_CONVERSION = YES;
				GCC_WARN_ABOUT_RETURN_TYPE = YES_ERROR;
				GCC_WARN_UNDECLARED_SELECTOR = YES;
				GCC_WARN_UNINITIALIZED_AUTOS = YES_AGGRESSIVE;
				GCC_WARN_UNUSED_FUNCTION = YES;
				GCC_WARN_UNUSED_VARIABLE = YES;
				IPHONEOS_DEPLOYMENT_TARGET = 13.4;
				MTL_ENABLE_DEBUG_INFO = NO;
				MTL_FAST_MATH = YES;
				SDKROOT = iphoneos;
				SWIFT_COMPILATION_MODE = wholemodule;
				SWIFT_OPTIMIZATION_LEVEL = "-O";
				VALIDATE_PRODUCT = YES;
			};
			name = Release;
		};
		8D47190C2478F9FE002A5331 /* Debug */ = {
			isa = XCBuildConfiguration;
			baseConfigurationReference = 199C70BD3D3145A9252070E5 /* Pods-iOSGraphQL.debug.xcconfig */;
			buildSettings = {
				ASSETCATALOG_COMPILER_APPICON_NAME = AppIcon;
				CODE_SIGN_STYLE = Automatic;
				DEVELOPMENT_ASSET_PATHS = "\"iOSGraphQL/Preview Content\"";
				DEVELOPMENT_TEAM = XWX32WD27Q;
				ENABLE_PREVIEWS = YES;
				INFOPLIST_FILE = iOSGraphQL/Info.plist;
				LD_RUNPATH_SEARCH_PATHS = (
					"$(inherited)",
					"@executable_path/Frameworks",
				);
				PRODUCT_BUNDLE_IDENTIFIER = io.github.diamantidis.iOSGraphQL;
				PRODUCT_NAME = "$(TARGET_NAME)";
				SWIFT_VERSION = 5.0;
				TARGETED_DEVICE_FAMILY = "1,2";
			};
			name = Debug;
		};
		8D47190D2478F9FE002A5331 /* Release */ = {
			isa = XCBuildConfiguration;
			baseConfigurationReference = E00BF888400986909EC0C349 /* Pods-iOSGraphQL.release.xcconfig */;
			buildSettings = {
				ASSETCATALOG_COMPILER_APPICON_NAME = AppIcon;
				CODE_SIGN_STYLE = Automatic;
				DEVELOPMENT_ASSET_PATHS = "\"iOSGraphQL/Preview Content\"";
				DEVELOPMENT_TEAM = XWX32WD27Q;
				ENABLE_PREVIEWS = YES;
				INFOPLIST_FILE = iOSGraphQL/Info.plist;
				LD_RUNPATH_SEARCH_PATHS = (
					"$(inherited)",
					"@executable_path/Frameworks",
				);
				PRODUCT_BUNDLE_IDENTIFIER = io.github.diamantidis.iOSGraphQL;
				PRODUCT_NAME = "$(TARGET_NAME)";
				SWIFT_VERSION = 5.0;
				TARGETED_DEVICE_FAMILY = "1,2";
			};
			name = Release;
		};
		8D47190F2478F9FE002A5331 /* Debug */ = {
			isa = XCBuildConfiguration;
			buildSettings = {
				ALWAYS_EMBED_SWIFT_STANDARD_LIBRARIES = YES;
				BUNDLE_LOADER = "$(TEST_HOST)";
				CODE_SIGN_STYLE = Automatic;
				DEVELOPMENT_TEAM = XWX32WD27Q;
				INFOPLIST_FILE = iOSGraphQLTests/Info.plist;
				IPHONEOS_DEPLOYMENT_TARGET = 13.4;
				LD_RUNPATH_SEARCH_PATHS = (
					"$(inherited)",
					"@executable_path/Frameworks",
					"@loader_path/Frameworks",
				);
				PRODUCT_BUNDLE_IDENTIFIER = io.github.diamantidis.iOSGraphQLTests;
				PRODUCT_NAME = "$(TARGET_NAME)";
				SWIFT_VERSION = 5.0;
				TARGETED_DEVICE_FAMILY = "1,2";
				TEST_HOST = "$(BUILT_PRODUCTS_DIR)/iOSGraphQL.app/iOSGraphQL";
			};
			name = Debug;
		};
		8D4719102478F9FE002A5331 /* Release */ = {
			isa = XCBuildConfiguration;
			buildSettings = {
				ALWAYS_EMBED_SWIFT_STANDARD_LIBRARIES = YES;
				BUNDLE_LOADER = "$(TEST_HOST)";
				CODE_SIGN_STYLE = Automatic;
				DEVELOPMENT_TEAM = XWX32WD27Q;
				INFOPLIST_FILE = iOSGraphQLTests/Info.plist;
				IPHONEOS_DEPLOYMENT_TARGET = 13.4;
				LD_RUNPATH_SEARCH_PATHS = (
					"$(inherited)",
					"@executable_path/Frameworks",
					"@loader_path/Frameworks",
				);
				PRODUCT_BUNDLE_IDENTIFIER = io.github.diamantidis.iOSGraphQLTests;
				PRODUCT_NAME = "$(TARGET_NAME)";
				SWIFT_VERSION = 5.0;
				TARGETED_DEVICE_FAMILY = "1,2";
				TEST_HOST = "$(BUILT_PRODUCTS_DIR)/iOSGraphQL.app/iOSGraphQL";
			};
			name = Release;
		};
/* End XCBuildConfiguration section */

/* Begin XCConfigurationList section */
		8D4718E72478F9FB002A5331 /* Build configuration list for PBXProject "iOSGraphQL" */ = {
			isa = XCConfigurationList;
			buildConfigurations = (
				8D4719092478F9FE002A5331 /* Debug */,
				8D47190A2478F9FE002A5331 /* Release */,
			);
			defaultConfigurationIsVisible = 0;
			defaultConfigurationName = Release;
		};
		8D47190B2478F9FE002A5331 /* Build configuration list for PBXNativeTarget "iOSGraphQL" */ = {
			isa = XCConfigurationList;
			buildConfigurations = (
				8D47190C2478F9FE002A5331 /* Debug */,
				8D47190D2478F9FE002A5331 /* Release */,
			);
			defaultConfigurationIsVisible = 0;
			defaultConfigurationName = Release;
		};
		8D47190E2478F9FE002A5331 /* Build configuration list for PBXNativeTarget "iOSGraphQLTests" */ = {
			isa = XCConfigurationList;
			buildConfigurations = (
				8D47190F2478F9FE002A5331 /* Debug */,
				8D4719102478F9FE002A5331 /* Release */,
			);
			defaultConfigurationIsVisible = 0;
			defaultConfigurationName = Release;
		};
/* End XCConfigurationList section */
	};
	rootObject = 8D4718E42478F9FB002A5331 /* Project object */;
}
